// !$*UTF8*$!
{
	archiveVersion = 1;
	classes = {
	};
	objectVersion = 50;
	objects = {

/* Begin PBXBuildFile section */
		2972EC7F220C7A7E00DA2765 /* AppDelegate.swift in Sources */ = {isa = PBXBuildFile; fileRef = 2972EC7E220C7A7E00DA2765 /* AppDelegate.swift */; };
		2972EC81220C7A7E00DA2765 /* ViewController.swift in Sources */ = {isa = PBXBuildFile; fileRef = 2972EC80220C7A7E00DA2765 /* ViewController.swift */; };
		2972EC83220C7A8000DA2765 /* Assets.xcassets in Resources */ = {isa = PBXBuildFile; fileRef = 2972EC82220C7A8000DA2765 /* Assets.xcassets */; };
		2972EC86220C7A8000DA2765 /* Main.storyboard in Resources */ = {isa = PBXBuildFile; fileRef = 2972EC84220C7A8000DA2765 /* Main.storyboard */; };
		2972EC92220C7A8000DA2765 /* JustEmojiTests.swift in Sources */ = {isa = PBXBuildFile; fileRef = 2972EC91220C7A8000DA2765 /* JustEmojiTests.swift */; };
		2972EC9D220C7A8000DA2765 /* JustEmojiUITests.swift in Sources */ = {isa = PBXBuildFile; fileRef = 2972EC9C220C7A8000DA2765 /* JustEmojiUITests.swift */; };
/* End PBXBuildFile section */

/* Begin PBXContainerItemProxy section */
		2972EC8E220C7A8000DA2765 /* PBXContainerItemProxy */ = {
			isa = PBXContainerItemProxy;
			containerPortal = 2972EC73220C7A7E00DA2765 /* Project object */;
			proxyType = 1;
			remoteGlobalIDString = 2972EC7A220C7A7E00DA2765;
			remoteInfo = JustEmoji;
		};
		2972EC99220C7A8000DA2765 /* PBXContainerItemProxy */ = {
			isa = PBXContainerItemProxy;
			containerPortal = 2972EC73220C7A7E00DA2765 /* Project object */;
			proxyType = 1;
			remoteGlobalIDString = 2972EC7A220C7A7E00DA2765;
			remoteInfo = JustEmoji;
		};
/* End PBXContainerItemProxy section */

/* Begin PBXFileReference section */
		2972EC7B220C7A7E00DA2765 /* JustEmoji.app */ = {isa = PBXFileReference; explicitFileType = wrapper.application; includeInIndex = 0; path = JustEmoji.app; sourceTree = BUILT_PRODUCTS_DIR; };
		2972EC7E220C7A7E00DA2765 /* AppDelegate.swift */ = {isa = PBXFileReference; lastKnownFileType = sourcecode.swift; path = AppDelegate.swift; sourceTree = "<group>"; };
		2972EC80220C7A7E00DA2765 /* ViewController.swift */ = {isa = PBXFileReference; lastKnownFileType = sourcecode.swift; path = ViewController.swift; sourceTree = "<group>"; };
		2972EC82220C7A8000DA2765 /* Assets.xcassets */ = {isa = PBXFileReference; lastKnownFileType = folder.assetcatalog; path = Assets.xcassets; sourceTree = "<group>"; };
		2972EC85220C7A8000DA2765 /* Base */ = {isa = PBXFileReference; lastKnownFileType = file.storyboard; name = Base; path = Base.lproj/Main.storyboard; sourceTree = "<group>"; };
		2972EC87220C7A8000DA2765 /* Info.plist */ = {isa = PBXFileReference; lastKnownFileType = text.plist.xml; path = Info.plist; sourceTree = "<group>"; };
		2972EC88220C7A8000DA2765 /* JustEmoji.entitlements */ = {isa = PBXFileReference; lastKnownFileType = text.plist.entitlements; path = JustEmoji.entitlements; sourceTree = "<group>"; };
		2972EC8D220C7A8000DA2765 /* JustEmojiTests.xctest */ = {isa = PBXFileReference; explicitFileType = wrapper.cfbundle; includeInIndex = 0; path = JustEmojiTests.xctest; sourceTree = BUILT_PRODUCTS_DIR; };
		2972EC91220C7A8000DA2765 /* JustEmojiTests.swift */ = {isa = PBXFileReference; lastKnownFileType = sourcecode.swift; path = JustEmojiTests.swift; sourceTree = "<group>"; };
		2972EC93220C7A8000DA2765 /* Info.plist */ = {isa = PBXFileReference; lastKnownFileType = text.plist.xml; path = Info.plist; sourceTree = "<group>"; };
		2972EC98220C7A8000DA2765 /* JustEmojiUITests.xctest */ = {isa = PBXFileReference; explicitFileType = wrapper.cfbundle; includeInIndex = 0; path = JustEmojiUITests.xctest; sourceTree = BUILT_PRODUCTS_DIR; };
		2972EC9C220C7A8000DA2765 /* JustEmojiUITests.swift */ = {isa = PBXFileReference; lastKnownFileType = sourcecode.swift; path = JustEmojiUITests.swift; sourceTree = "<group>"; };
		2972EC9E220C7A8000DA2765 /* Info.plist */ = {isa = PBXFileReference; lastKnownFileType = text.plist.xml; path = Info.plist; sourceTree = "<group>"; };
/* End PBXFileReference section */

/* Begin PBXFrameworksBuildPhase section */
		2972EC78220C7A7E00DA2765 /* Frameworks */ = {
			isa = PBXFrameworksBuildPhase;
			buildActionMask = 2147483647;
			files = (
			);
			runOnlyForDeploymentPostprocessing = 0;
		};
		2972EC8A220C7A8000DA2765 /* Frameworks */ = {
			isa = PBXFrameworksBuildPhase;
			buildActionMask = 2147483647;
			files = (
			);
			runOnlyForDeploymentPostprocessing = 0;
		};
		2972EC95220C7A8000DA2765 /* Frameworks */ = {
			isa = PBXFrameworksBuildPhase;
			buildActionMask = 2147483647;
			files = (
			);
			runOnlyForDeploymentPostprocessing = 0;
		};
/* End PBXFrameworksBuildPhase section */

/* Begin PBXGroup section */
		2972EC72220C7A7E00DA2765 = {
			isa = PBXGroup;
			children = (
				2972EC7D220C7A7E00DA2765 /* JustEmoji */,
				2972EC90220C7A8000DA2765 /* JustEmojiTests */,
				2972EC9B220C7A8000DA2765 /* JustEmojiUITests */,
				2972EC7C220C7A7E00DA2765 /* Products */,
			);
			sourceTree = "<group>";
		};
		2972EC7C220C7A7E00DA2765 /* Products */ = {
			isa = PBXGroup;
			children = (
				2972EC7B220C7A7E00DA2765 /* JustEmoji.app */,
				2972EC8D220C7A8000DA2765 /* JustEmojiTests.xctest */,
				2972EC98220C7A8000DA2765 /* JustEmojiUITests.xctest */,
			);
			name = Products;
			sourceTree = "<group>";
		};
		2972EC7D220C7A7E00DA2765 /* JustEmoji */ = {
			isa = PBXGroup;
			children = (
				2972EC7E220C7A7E00DA2765 /* AppDelegate.swift */,
				2972EC80220C7A7E00DA2765 /* ViewController.swift */,
				2972EC82220C7A8000DA2765 /* Assets.xcassets */,
				2972EC84220C7A8000DA2765 /* Main.storyboard */,
				2972EC87220C7A8000DA2765 /* Info.plist */,
				2972EC88220C7A8000DA2765 /* JustEmoji.entitlements */,
			);
			path = JustEmoji;
			sourceTree = "<group>";
		};
		2972EC90220C7A8000DA2765 /* JustEmojiTests */ = {
			isa = PBXGroup;
			children = (
				2972EC91220C7A8000DA2765 /* JustEmojiTests.swift */,
				2972EC93220C7A8000DA2765 /* Info.plist */,
			);
			path = JustEmojiTests;
			sourceTree = "<group>";
		};
		2972EC9B220C7A8000DA2765 /* JustEmojiUITests */ = {
			isa = PBXGroup;
			children = (
				2972EC9C220C7A8000DA2765 /* JustEmojiUITests.swift */,
				2972EC9E220C7A8000DA2765 /* Info.plist */,
			);
			path = JustEmojiUITests;
			sourceTree = "<group>";
		};
/* End PBXGroup section */

/* Begin PBXNativeTarget section */
		2972EC7A220C7A7E00DA2765 /* JustEmoji */ = {
			isa = PBXNativeTarget;
			buildConfigurationList = 2972ECA1220C7A8000DA2765 /* Build configuration list for PBXNativeTarget "JustEmoji" */;
			buildPhases = (
				2972EC77220C7A7E00DA2765 /* Sources */,
				2972EC78220C7A7E00DA2765 /* Frameworks */,
				2972EC79220C7A7E00DA2765 /* Resources */,
			);
			buildRules = (
			);
			dependencies = (
			);
			name = JustEmoji;
			productName = JustEmoji;
			productReference = 2972EC7B220C7A7E00DA2765 /* JustEmoji.app */;
			productType = "com.apple.product-type.application";
		};
		2972EC8C220C7A8000DA2765 /* JustEmojiTests */ = {
			isa = PBXNativeTarget;
			buildConfigurationList = 2972ECA4220C7A8000DA2765 /* Build configuration list for PBXNativeTarget "JustEmojiTests" */;
			buildPhases = (
				2972EC89220C7A8000DA2765 /* Sources */,
				2972EC8A220C7A8000DA2765 /* Frameworks */,
				2972EC8B220C7A8000DA2765 /* Resources */,
			);
			buildRules = (
			);
			dependencies = (
				2972EC8F220C7A8000DA2765 /* PBXTargetDependency */,
			);
			name = JustEmojiTests;
			productName = JustEmojiTests;
			productReference = 2972EC8D220C7A8000DA2765 /* JustEmojiTests.xctest */;
			productType = "com.apple.product-type.bundle.unit-test";
		};
		2972EC97220C7A8000DA2765 /* JustEmojiUITests */ = {
			isa = PBXNativeTarget;
			buildConfigurationList = 2972ECA7220C7A8000DA2765 /* Build configuration list for PBXNativeTarget "JustEmojiUITests" */;
			buildPhases = (
				2972EC94220C7A8000DA2765 /* Sources */,
				2972EC95220C7A8000DA2765 /* Frameworks */,
				2972EC96220C7A8000DA2765 /* Resources */,
			);
			buildRules = (
			);
			dependencies = (
				2972EC9A220C7A8000DA2765 /* PBXTargetDependency */,
			);
			name = JustEmojiUITests;
			productName = JustEmojiUITests;
			productReference = 2972EC98220C7A8000DA2765 /* JustEmojiUITests.xctest */;
			productType = "com.apple.product-type.bundle.ui-testing";
		};
/* End PBXNativeTarget section */

/* Begin PBXProject section */
		2972EC73220C7A7E00DA2765 /* Project object */ = {
			isa = PBXProject;
			attributes = {
				LastSwiftUpdateCheck = 1010;
				LastUpgradeCheck = 1010;
				ORGANIZATIONNAME = ryookano;
				TargetAttributes = {
					2972EC7A220C7A7E00DA2765 = {
						CreatedOnToolsVersion = 10.1;
					};
					2972EC8C220C7A8000DA2765 = {
						CreatedOnToolsVersion = 10.1;
						TestTargetID = 2972EC7A220C7A7E00DA2765;
					};
					2972EC97220C7A8000DA2765 = {
						CreatedOnToolsVersion = 10.1;
						TestTargetID = 2972EC7A220C7A7E00DA2765;
					};
				};
			};
			buildConfigurationList = 2972EC76220C7A7E00DA2765 /* Build configuration list for PBXProject "JustEmoji" */;
			compatibilityVersion = "Xcode 9.3";
			developmentRegion = en;
			hasScannedForEncodings = 0;
			knownRegions = (
				en,
				Base,
			);
			mainGroup = 2972EC72220C7A7E00DA2765;
			productRefGroup = 2972EC7C220C7A7E00DA2765 /* Products */;
			projectDirPath = "";
			projectRoot = "";
			targets = (
				2972EC7A220C7A7E00DA2765 /* JustEmoji */,
				2972EC8C220C7A8000DA2765 /* JustEmojiTests */,
				2972EC97220C7A8000DA2765 /* JustEmojiUITests */,
			);
		};
/* End PBXProject section */

/* Begin PBXResourcesBuildPhase section */
		2972EC79220C7A7E00DA2765 /* Resources */ = {
			isa = PBXResourcesBuildPhase;
			buildActionMask = 2147483647;
			files = (
				2972EC83220C7A8000DA2765 /* Assets.xcassets in Resources */,
				2972EC86220C7A8000DA2765 /* Main.storyboard in Resources */,
			);
			runOnlyForDeploymentPostprocessing = 0;
		};
		2972EC8B220C7A8000DA2765 /* Resources */ = {
			isa = PBXResourcesBuildPhase;
			buildActionMask = 2147483647;
			files = (
			);
			runOnlyForDeploymentPostprocessing = 0;
		};
		2972EC96220C7A8000DA2765 /* Resources */ = {
			isa = PBXResourcesBuildPhase;
			buildActionMask = 2147483647;
			files = (
			);
			runOnlyForDeploymentPostprocessing = 0;
		};
/* End PBXResourcesBuildPhase section */

/* Begin PBXSourcesBuildPhase section */
		2972EC77220C7A7E00DA2765 /* Sources */ = {
			isa = PBXSourcesBuildPhase;
			buildActionMask = 2147483647;
			files = (
				2972EC81220C7A7E00DA2765 /* ViewController.swift in Sources */,
				2972EC7F220C7A7E00DA2765 /* AppDelegate.swift in Sources */,
			);
			runOnlyForDeploymentPostprocessing = 0;
		};
		2972EC89220C7A8000DA2765 /* Sources */ = {
			isa = PBXSourcesBuildPhase;
			buildActionMask = 2147483647;
			files = (
				2972EC92220C7A8000DA2765 /* JustEmojiTests.swift in Sources */,
			);
			runOnlyForDeploymentPostprocessing = 0;
		};
		2972EC94220C7A8000DA2765 /* Sources */ = {
			isa = PBXSourcesBuildPhase;
			buildActionMask = 2147483647;
			files = (
				2972EC9D220C7A8000DA2765 /* JustEmojiUITests.swift in Sources */,
			);
			runOnlyForDeploymentPostprocessing = 0;
		};
/* End PBXSourcesBuildPhase section */

/* Begin PBXTargetDependency section */
		2972EC8F220C7A8000DA2765 /* PBXTargetDependency */ = {
			isa = PBXTargetDependency;
			target = 2972EC7A220C7A7E00DA2765 /* JustEmoji */;
			targetProxy = 2972EC8E220C7A8000DA2765 /* PBXContainerItemProxy */;
		};
		2972EC9A220C7A8000DA2765 /* PBXTargetDependency */ = {
			isa = PBXTargetDependency;
			target = 2972EC7A220C7A7E00DA2765 /* JustEmoji */;
			targetProxy = 2972EC99220C7A8000DA2765 /* PBXContainerItemProxy */;
		};
/* End PBXTargetDependency section */

/* Begin PBXVariantGroup section */
		2972EC84220C7A8000DA2765 /* Main.storyboard */ = {
			isa = PBXVariantGroup;
			children = (
				2972EC85220C7A8000DA2765 /* Base */,
			);
			name = Main.storyboard;
			sourceTree = "<group>";
		};
/* End PBXVariantGroup section */

/* Begin XCBuildConfiguration section */
		2972EC9F220C7A8000DA2765 /* Debug */ = {
			isa = XCBuildConfiguration;
			buildSettings = {
				ALWAYS_SEARCH_USER_PATHS = NO;
				CLANG_ANALYZER_NONNULL = YES;
				CLANG_ANALYZER_NUMBER_OBJECT_CONVERSION = YES_AGGRESSIVE;
				CLANG_CXX_LANGUAGE_STANDARD = "gnu++14";
				CLANG_CXX_LIBRARY = "libc++";
				CLANG_ENABLE_MODULES = YES;
				CLANG_ENABLE_OBJC_ARC = YES;
				CLANG_ENABLE_OBJC_WEAK = YES;
				CLANG_WARN_BLOCK_CAPTURE_AUTORELEASING = YES;
				CLANG_WARN_BOOL_CONVERSION = YES;
				CLANG_WARN_COMMA = YES;
				CLANG_WARN_CONSTANT_CONVERSION = YES;
				CLANG_WARN_DEPRECATED_OBJC_IMPLEMENTATIONS = YES;
				CLANG_WARN_DIRECT_OBJC_ISA_USAGE = YES_ERROR;
				CLANG_WARN_DOCUMENTATION_COMMENTS = YES;
				CLANG_WARN_EMPTY_BODY = YES;
				CLANG_WARN_ENUM_CONVERSION = YES;
				CLANG_WARN_INFINITE_RECURSION = YES;
				CLANG_WARN_INT_CONVERSION = YES;
				CLANG_WARN_NON_LITERAL_NULL_CONVERSION = YES;
				CLANG_WARN_OBJC_IMPLICIT_RETAIN_SELF = YES;
				CLANG_WARN_OBJC_LITERAL_CONVERSION = YES;
				CLANG_WARN_OBJC_ROOT_CLASS = YES_ERROR;
				CLANG_WARN_RANGE_LOOP_ANALYSIS = YES;
				CLANG_WARN_STRICT_PROTOTYPES = YES;
				CLANG_WARN_SUSPICIOUS_MOVE = YES;
				CLANG_WARN_UNGUARDED_AVAILABILITY = YES_AGGRESSIVE;
				CLANG_WARN_UNREACHABLE_CODE = YES;
				CLANG_WARN__DUPLICATE_METHOD_MATCH = YES;
				CODE_SIGN_IDENTITY = "Mac Developer";
				COPY_PHASE_STRIP = NO;
				DEBUG_INFORMATION_FORMAT = dwarf;
				ENABLE_STRICT_OBJC_MSGSEND = YES;
				ENABLE_TESTABILITY = YES;
				GCC_C_LANGUAGE_STANDARD = gnu11;
				GCC_DYNAMIC_NO_PIC = NO;
				GCC_NO_COMMON_BLOCKS = YES;
				GCC_OPTIMIZATION_LEVEL = 0;
				GCC_PREPROCESSOR_DEFINITIONS = (
					"DEBUG=1",
					"$(inherited)",
				);
				GCC_WARN_64_TO_32_BIT_CONVERSION = YES;
				GCC_WARN_ABOUT_RETURN_TYPE = YES_ERROR;
				GCC_WARN_UNDECLARED_SELECTOR = YES;
				GCC_WARN_UNINITIALIZED_AUTOS = YES_AGGRESSIVE;
				GCC_WARN_UNUSED_FUNCTION = YES;
				GCC_WARN_UNUSED_VARIABLE = YES;
				MACOSX_DEPLOYMENT_TARGET = 10.14;
				MTL_ENABLE_DEBUG_INFO = INCLUDE_SOURCE;
				MTL_FAST_MATH = YES;
				ONLY_ACTIVE_ARCH = YES;
				SDKROOT = macosx;
				SWIFT_ACTIVE_COMPILATION_CONDITIONS = DEBUG;
				SWIFT_OPTIMIZATION_LEVEL = "-Onone";
			};
			name = Debug;
		};
		2972ECA0220C7A8000DA2765 /* Release */ = {
			isa = XCBuildConfiguration;
			buildSettings = {
				ALWAYS_SEARCH_USER_PATHS = NO;
				CLANG_ANALYZER_NONNULL = YES;
				CLANG_ANALYZER_NUMBER_OBJECT_CONVERSION = YES_AGGRESSIVE;
				CLANG_CXX_LANGUAGE_STANDARD = "gnu++14";
				CLANG_CXX_LIBRARY = "libc++";
				CLANG_ENABLE_MODULES = YES;
				CLANG_ENABLE_OBJC_ARC = YES;
				CLANG_ENABLE_OBJC_WEAK = YES;
				CLANG_WARN_BLOCK_CAPTURE_AUTORELEASING = YES;
				CLANG_WARN_BOOL_CONVERSION = YES;
				CLANG_WARN_COMMA = YES;
				CLANG_WARN_CONSTANT_CONVERSION = YES;
				CLANG_WARN_DEPRECATED_OBJC_IMPLEMENTATIONS = YES;
				CLANG_WARN_DIRECT_OBJC_ISA_USAGE = YES_ERROR;
				CLANG_WARN_DOCUMENTATION_COMMENTS = YES;
				CLANG_WARN_EMPTY_BODY = YES;
				CLANG_WARN_ENUM_CONVERSION = YES;
				CLANG_WARN_INFINITE_RECURSION = YES;
				CLANG_WARN_INT_CONVERSION = YES;
				CLANG_WARN_NON_LITERAL_NULL_CONVERSION = YES;
				CLANG_WARN_OBJC_IMPLICIT_RETAIN_SELF = YES;
				CLANG_WARN_OBJC_LITERAL_CONVERSION = YES;
				CLANG_WARN_OBJC_ROOT_CLASS = YES_ERROR;
				CLANG_WARN_RANGE_LOOP_ANALYSIS = YES;
				CLANG_WARN_STRICT_PROTOTYPES = YES;
				CLANG_WARN_SUSPICIOUS_MOVE = YES;
				CLANG_WARN_UNGUARDED_AVAILABILITY = YES_AGGRESSIVE;
				CLANG_WARN_UNREACHABLE_CODE = YES;
				CLANG_WARN__DUPLICATE_METHOD_MATCH = YES;
				CODE_SIGN_IDENTITY = "Mac Developer";
				COPY_PHASE_STRIP = NO;
				DEBUG_INFORMATION_FORMAT = "dwarf-with-dsym";
				ENABLE_NS_ASSERTIONS = NO;
				ENABLE_STRICT_OBJC_MSGSEND = YES;
				GCC_C_LANGUAGE_STANDARD = gnu11;
				GCC_NO_COMMON_BLOCKS = YES;
				GCC_WARN_64_TO_32_BIT_CONVERSION = YES;
				GCC_WARN_ABOUT_RETURN_TYPE = YES_ERROR;
				GCC_WARN_UNDECLARED_SELECTOR = YES;
				GCC_WARN_UNINITIALIZED_AUTOS = YES_AGGRESSIVE;
				GCC_WARN_UNUSED_FUNCTION = YES;
				GCC_WARN_UNUSED_VARIABLE = YES;
				MACOSX_DEPLOYMENT_TARGET = 10.14;
				MTL_ENABLE_DEBUG_INFO = NO;
				MTL_FAST_MATH = YES;
				SDKROOT = macosx;
				SWIFT_COMPILATION_MODE = wholemodule;
				SWIFT_OPTIMIZATION_LEVEL = "-O";
			};
			name = Release;
		};
		2972ECA2220C7A8000DA2765 /* Debug */ = {
			isa = XCBuildConfiguration;
			buildSettings = {
				ASSETCATALOG_COMPILER_APPICON_NAME = AppIcon;
				CODE_SIGN_ENTITLEMENTS = JustEmoji/JustEmoji.entitlements;
				CODE_SIGN_STYLE = Automatic;
				COMBINE_HIDPI_IMAGES = YES;
				DEVELOPMENT_TEAM = UUF7376KJL;
				INFOPLIST_FILE = JustEmoji/Info.plist;
				LD_RUNPATH_SEARCH_PATHS = (
					"$(inherited)",
					"@executable_path/../Frameworks",
				);
				PRODUCT_BUNDLE_IDENTIFIER = llcoolryo.JustEmoji;
				PRODUCT_NAME = "$(TARGET_NAME)";
				SWIFT_VERSION = 4.2;
			};
			name = Debug;
		};
		2972ECA3220C7A8000DA2765 /* Release */ = {
			isa = XCBuildConfiguration;
			buildSettings = {
				ASSETCATALOG_COMPILER_APPICON_NAME = AppIcon;
				CODE_SIGN_ENTITLEMENTS = JustEmoji/JustEmoji.entitlements;
				CODE_SIGN_STYLE = Automatic;
				COMBINE_HIDPI_IMAGES = YES;
				DEVELOPMENT_TEAM = UUF7376KJL;
				INFOPLIST_FILE = JustEmoji/Info.plist;
				LD_RUNPATH_SEARCH_PATHS = (
					"$(inherited)",
					"@executable_path/../Frameworks",
				);
				PRODUCT_BUNDLE_IDENTIFIER = llcoolryo.JustEmoji;
				PRODUCT_NAME = "$(TARGET_NAME)";
				SWIFT_VERSION = 4.2;
			};
			name = Release;
		};
		2972ECA5220C7A8000DA2765 /* Debug */ = {
			isa = XCBuildConfiguration;
			buildSettings = {
				ALWAYS_EMBED_SWIFT_STANDARD_LIBRARIES = YES;
				BUNDLE_LOADER = "$(TEST_HOST)";
				CODE_SIGN_STYLE = Automatic;
				COMBINE_HIDPI_IMAGES = YES;
				DEVELOPMENT_TEAM = UUF7376KJL;
				INFOPLIST_FILE = JustEmojiTests/Info.plist;
				LD_RUNPATH_SEARCH_PATHS = (
					"$(inherited)",
					"@executable_path/../Frameworks",
					"@loader_path/../Frameworks",
				);
				PRODUCT_BUNDLE_IDENTIFIER = llcoolryo.JustEmojiTests;
				PRODUCT_NAME = "$(TARGET_NAME)";
				SWIFT_VERSION = 4.2;
				TEST_HOST = "$(BUILT_PRODUCTS_DIR)/JustEmoji.app/Contents/MacOS/JustEmoji";
			};
			name = Debug;
		};
		2972ECA6220C7A8000DA2765 /* Release */ = {
			isa = XCBuildConfiguration;
			buildSettings = {
				ALWAYS_EMBED_SWIFT_STANDARD_LIBRARIES = YES;
				BUNDLE_LOADER = "$(TEST_HOST)";
				CODE_SIGN_STYLE = Automatic;
				COMBINE_HIDPI_IMAGES = YES;
				DEVELOPMENT_TEAM = UUF7376KJL;
				INFOPLIST_FILE = JustEmojiTests/Info.plist;
				LD_RUNPATH_SEARCH_PATHS = (
					"$(inherited)",
					"@executable_path/../Frameworks",
					"@loader_path/../Frameworks",
				);
				PRODUCT_BUNDLE_IDENTIFIER = llcoolryo.JustEmojiTests;
				PRODUCT_NAME = "$(TARGET_NAME)";
				SWIFT_VERSION = 4.2;
				TEST_HOST = "$(BUILT_PRODUCTS_DIR)/JustEmoji.app/Contents/MacOS/JustEmoji";
			};
			name = Release;
		};
		2972ECA8220C7A8000DA2765 /* Debug */ = {
			isa = XCBuildConfiguration;
			buildSettings = {
				ALWAYS_EMBED_SWIFT_STANDARD_LIBRARIES = YES;
				CODE_SIGN_STYLE = Automatic;
				COMBINE_HIDPI_IMAGES = YES;
				DEVELOPMENT_TEAM = UUF7376KJL;
				INFOPLIST_FILE = JustEmojiUITests/Info.plist;
				LD_RUNPATH_SEARCH_PATHS = (
					"$(inherited)",
					"@executable_path/../Frameworks",
					"@loader_path/../Frameworks",
				);
				PRODUCT_BUNDLE_IDENTIFIER = llcoolryo.JustEmojiUITests;
				PRODUCT_NAME = "$(TARGET_NAME)";
				SWIFT_VERSION = 4.2;
				TEST_TARGET_NAME = JustEmoji;
			};
			name = Debug;
		};
		2972ECA9220C7A8000DA2765 /* Release */ = {
			isa = XCBuildConfiguration;
			buildSettings = {
				ALWAYS_EMBED_SWIFT_STANDARD_LIBRARIES = YES;
				CODE_SIGN_STYLE = Automatic;
				COMBINE_HIDPI_IMAGES = YES;
				DEVELOPMENT_TEAM = UUF7376KJL;
				INFOPLIST_FILE = JustEmojiUITests/Info.plist;
				LD_RUNPATH_SEARCH_PATHS = (
					"$(inherited)",
					"@executable_path/../Frameworks",
					"@loader_path/../Frameworks",
				);
				PRODUCT_BUNDLE_IDENTIFIER = llcoolryo.JustEmojiUITests;
				PRODUCT_NAME = "$(TARGET_NAME)";
				SWIFT_VERSION = 4.2;
				TEST_TARGET_NAME = JustEmoji;
			};
			name = Release;
		};
/* End XCBuildConfiguration section */

/* Begin XCConfigurationList section */
		2972EC76220C7A7E00DA2765 /* Build configuration list for PBXProject "JustEmoji" */ = {
			isa = XCConfigurationList;
			buildConfigurations = (
				2972EC9F220C7A8000DA2765 /* Debug */,
				2972ECA0220C7A8000DA2765 /* Release */,
			);
			defaultConfigurationIsVisible = 0;
			defaultConfigurationName = Release;
		};
		2972ECA1220C7A8000DA2765 /* Build configuration list for PBXNativeTarget "JustEmoji" */ = {
			isa = XCConfigurationList;
			buildConfigurations = (
				2972ECA2220C7A8000DA2765 /* Debug */,
				2972ECA3220C7A8000DA2765 /* Release */,
			);
			defaultConfigurationIsVisible = 0;
			defaultConfigurationName = Release;
		};
		2972ECA4220C7A8000DA2765 /* Build configuration list for PBXNativeTarget "JustEmojiTests" */ = {
			isa = XCConfigurationList;
			buildConfigurations = (
				2972ECA5220C7A8000DA2765 /* Debug */,
				2972ECA6220C7A8000DA2765 /* Release */,
			);
			defaultConfigurationIsVisible = 0;
			defaultConfigurationName = Release;
		};
		2972ECA7220C7A8000DA2765 /* Build configuration list for PBXNativeTarget "JustEmojiUITests" */ = {
			isa = XCConfigurationList;
			buildConfigurations = (
				2972ECA8220C7A8000DA2765 /* Debug */,
				2972ECA9220C7A8000DA2765 /* Release */,
			);
			defaultConfigurationIsVisible = 0;
			defaultConfigurationName = Release;
		};
/* End XCConfigurationList section */
	};
	rootObject = 2972EC73220C7A7E00DA2765 /* Project object */;
}
